<?xml version="1.0" encoding="utf-8"?>
<Project ToolsVersion="4.0" xmlns="http://schemas.microsoft.com/developer/msbuild/2003">
  <ItemGroup>
    <Filter Include="win32">
      <UniqueIdentifier>{84a8ebd7-7cf0-47f6-b75e-d441df67da40}</UniqueIdentifier>
    </Filter>
    <Filter Include="resource">
      <UniqueIdentifier>{715254bc-d70b-4ec5-bf29-467dd3ace079}</UniqueIdentifier>
    </Filter>
    <Filter Include="src">
      <UniqueIdentifier>{bb6c862e-70e9-49d9-81b7-3829a6f50471}</UniqueIdentifier>
    </Filter>
    <Filter Include="src\Scenes">
      <UniqueIdentifier>{5d11a43c-808d-410f-924a-4480b98ef04e}</UniqueIdentifier>
    </Filter>
    <Filter Include="src\InterfaceComponent">
      <UniqueIdentifier>{7b6f1447-f5c9-420a-a32d-bc1baeff6798}</UniqueIdentifier>
    </Filter>
    <Filter Include="src\GlobalMapObjects">
      <UniqueIdentifier>{31e6750d-1515-4f0a-a7cb-06aa69a4db00}</UniqueIdentifier>
    </Filter>
    <Filter Include="src\MainSceneObjects">
      <UniqueIdentifier>{695a2928-91f4-4d18-96f3-0d91a9b1e8f9}</UniqueIdentifier>
    </Filter>
    <Filter Include="src\source">
      <UniqueIdentifier>{052310cf-ce4a-4e90-9aa4-8d79ca41e17e}</UniqueIdentifier>
    </Filter>
    <Filter Include="src\MainSceneObjects\Behavior">
      <UniqueIdentifier>{79fa610a-c825-48d7-ad05-503eab3cbbed}</UniqueIdentifier>
    </Filter>
    <Filter Include="src\MainSceneObjects\Actors">
      <UniqueIdentifier>{7d711c8d-851c-4415-88ca-8ade16595d34}</UniqueIdentifier>
    </Filter>
    <Filter Include="src\MainSceneObjects\PlatformerObjects">
      <UniqueIdentifier>{b0f157fb-1bdf-4c03-9fc6-3ff45032cd2b}</UniqueIdentifier>
    </Filter>
    <Filter Include="src\MainSceneObjects\WorldComponent">
      <UniqueIdentifier>{d66ade26-9f2b-48f5-86be-3a19b270fd30}</UniqueIdentifier>
    </Filter>
    <Filter Include="src\MainSceneObjects\Interface">
      <UniqueIdentifier>{24563dc6-5452-49b7-969e-a9213a34efb6}</UniqueIdentifier>
    </Filter>
  </ItemGroup>
  <ItemGroup>
    <ClCompile Include="main.cpp">
      <Filter>win32</Filter>
    </ClCompile>
    <ClCompile Include="..\Classes\MainMenu.cpp">
      <Filter>src\Scenes</Filter>
    </ClCompile>
    <ClCompile Include="..\Classes\StartScene.cpp">
      <Filter>src\Scenes</Filter>
    </ClCompile>
    <ClCompile Include="..\Classes\MainScene.cpp">
      <Filter>src\Scenes</Filter>
    </ClCompile>
    <ClCompile Include="..\Classes\Node.cpp" />
    <ClCompile Include="..\Classes\Unit.cpp" />
    <ClCompile Include="..\Classes\TestScene.cpp" />
    <ClCompile Include="..\Classes\ContactListener.cpp" />
    <ClCompile Include="..\Classes\MapScene.cpp">
      <Filter>src\Scenes</Filter>
    </ClCompile>
    <ClCompile Include="..\Classes\Location.cpp">
      <Filter>src\GlobalMapObjects</Filter>
    </ClCompile>
    <ClCompile Include="..\Classes\GameScene.cpp">
      <Filter>src\Scenes</Filter>
    </ClCompile>
    <ClCompile Include="..\Classes\GlobalPlayer.cpp">
      <Filter>src\GlobalMapObjects</Filter>
    </ClCompile>
    <ClCompile Include="..\Classes\ControllerComponent.cpp">
      <Filter>src\InterfaceComponent</Filter>
    </ClCompile>
    <ClCompile Include="..\Classes\KeyMouseController.cpp">
      <Filter>src\InterfaceComponent</Filter>
    </ClCompile>
    <ClCompile Include="..\Classes\AnimationSet.cpp">
      <Filter>src\source</Filter>
    </ClCompile>
    <ClCompile Include="..\Classes\AppDelegate.cpp">
      <Filter>src\source</Filter>
    </ClCompile>
    <ClCompile Include="..\Classes\GameInfo.cpp">
      <Filter>src\source</Filter>
    </ClCompile>
    <ClCompile Include="..\Classes\ActorBehavior.cpp">
      <Filter>src\MainSceneObjects\Behavior</Filter>
    </ClCompile>
    <ClCompile Include="..\Classes\BehaviorDynamicObject.cpp">
      <Filter>src\MainSceneObjects\Behavior</Filter>
    </ClCompile>
    <ClCompile Include="..\Classes\PeaceBehavior.cpp">
      <Filter>src\MainSceneObjects\Behavior</Filter>
    </ClCompile>
    <ClCompile Include="..\Classes\DamageBehavior.cpp">
      <Filter>src\MainSceneObjects\Behavior</Filter>
    </ClCompile>
    <ClCompile Include="..\Classes\Actor.cpp">
      <Filter>src\MainSceneObjects\Actors</Filter>
    </ClCompile>
    <ClCompile Include="..\Classes\BaseActor.cpp">
      <Filter>src\MainSceneObjects\Actors</Filter>
    </ClCompile>
    <ClCompile Include="..\Classes\Player.cpp">
      <Filter>src\MainSceneObjects\Actors</Filter>
    </ClCompile>
    <ClCompile Include="..\Classes\DynamicObject.cpp">
      <Filter>src\MainSceneObjects\PlatformerObjects</Filter>
    </ClCompile>
    <ClCompile Include="..\Classes\HorizontalDynamicObject.cpp">
      <Filter>src\MainSceneObjects\PlatformerObjects</Filter>
    </ClCompile>
    <ClCompile Include="..\Classes\PlatformerObject.cpp">
      <Filter>src\MainSceneObjects\PlatformerObjects</Filter>
    </ClCompile>
    <ClCompile Include="..\Classes\StaticObject.cpp">
      <Filter>src\MainSceneObjects\PlatformerObjects</Filter>
    </ClCompile>
    <ClCompile Include="..\Classes\PlayerInfo.cpp" />
    <ClCompile Include="..\Classes\WObjectComponent.cpp" />
    <ClCompile Include="..\Classes\ActorFactory.cpp" />
    <ClCompile Include="..\Classes\HealthPoint.cpp">
      <Filter>src\MainSceneObjects\Interface</Filter>
    </ClCompile>
    <ClCompile Include="..\Classes\GameCamera.cpp">
      <Filter>src\MainSceneObjects\WorldComponent</Filter>
    </ClCompile>
    <ClCompile Include="..\Classes\Object.cpp">
      <Filter>src\MainSceneObjects\WorldComponent</Filter>
    </ClCompile>
  </ItemGroup>
  <ItemGroup>
    <ClInclude Include="main.h">
      <Filter>win32</Filter>
    </ClInclude>
    <ClInclude Include="..\Classes\MainMenu.h">
      <Filter>src\Scenes</Filter>
    </ClInclude>
    <ClInclude Include="..\Classes\StartScene.h">
      <Filter>src\Scenes</Filter>
    </ClInclude>
    <ClInclude Include="..\Classes\MainScene.h">
      <Filter>src\Scenes</Filter>
    </ClInclude>
    <ClInclude Include="..\Classes\Unit.h" />
    <ClInclude Include="..\Classes\TestScene.h" />
    <ClInclude Include="..\Classes\ContactListener.h" />
    <ClInclude Include="..\Classes\MapScene.h">
      <Filter>src\Scenes</Filter>
    </ClInclude>
    <ClInclude Include="..\Classes\Location.h">
      <Filter>src\GlobalMapObjects</Filter>
    </ClInclude>
    <ClInclude Include="..\Classes\GameScene.h">
      <Filter>src\Scenes</Filter>
    </ClInclude>
    <ClInclude Include="..\Classes\GlobalPlayer.h">
      <Filter>src\GlobalMapObjects</Filter>
    </ClInclude>
    <ClInclude Include="..\Classes\ControllerComponent.h">
      <Filter>src\InterfaceComponent</Filter>
    </ClInclude>
    <ClInclude Include="..\Classes\KeyMouseController.h">
      <Filter>src\InterfaceComponent</Filter>
    </ClInclude>
    <ClInclude Include="..\Classes\AnimationSet.h">
      <Filter>src\source</Filter>
    </ClInclude>
    <ClInclude Include="..\Classes\AppDelegate.h">
      <Filter>src\source</Filter>
    </ClInclude>
    <ClInclude Include="..\Classes\GameInfo.h">
      <Filter>src\source</Filter>
    </ClInclude>
    <ClInclude Include="..\Classes\ActorBehavior.h">
      <Filter>src\MainSceneObjects\Behavior</Filter>
    </ClInclude>
    <ClInclude Include="..\Classes\BehaviorDynamicObject.h">
      <Filter>src\MainSceneObjects\Behavior</Filter>
    </ClInclude>
    <ClInclude Include="..\Classes\PeaceBehavior.h">
      <Filter>src\MainSceneObjects\Behavior</Filter>
    </ClInclude>
    <ClInclude Include="..\Classes\DamageBehavior.h">
      <Filter>src\MainSceneObjects\Behavior</Filter>
    </ClInclude>
    <ClInclude Include="..\Classes\Actor.h">
      <Filter>src\MainSceneObjects\Actors</Filter>
    </ClInclude>
    <ClInclude Include="..\Classes\BaseActor.h">
      <Filter>src\MainSceneObjects\Actors</Filter>
    </ClInclude>
    <ClInclude Include="..\Classes\Player.h">
      <Filter>src\MainSceneObjects\Actors</Filter>
    </ClInclude>
    <ClInclude Include="..\Classes\DynamicObject.h">
      <Filter>src\MainSceneObjects\PlatformerObjects</Filter>
    </ClInclude>
    <ClInclude Include="..\Classes\HorizontalDynamicObject.h">
      <Filter>src\MainSceneObjects\PlatformerObjects</Filter>
    </ClInclude>
    <ClInclude Include="..\Classes\PlatformerObject.h">
      <Filter>src\MainSceneObjects\PlatformerObjects</Filter>
    </ClInclude>
    <ClInclude Include="..\Classes\StaticObject.h">
      <Filter>src\MainSceneObjects\PlatformerObjects</Filter>
    </ClInclude>
    <ClInclude Include="..\Classes\WorldComponent.h">
      <Filter>src\MainSceneObjects\WorldComponent</Filter>
    </ClInclude>
    <ClInclude Include="..\Classes\WObjectComponent.h" />
    <ClInclude Include="..\Classes\PlayerInfo.h" />
    <ClInclude Include="..\Classes\ActorFactory.h" />
    <ClInclude Include="..\Classes\NPCInfo.h" />
    <ClInclude Include="..\Classes\HealthPoint.h">
      <Filter>src\MainSceneObjects\Interface</Filter>
    </ClInclude>
    <ClInclude Include="..\Classes\GameCamera.h">
      <Filter>src\MainSceneObjects\WorldComponent</Filter>
    </ClInclude>
    <ClInclude Include="..\Classes\Object.h">
      <Filter>src\MainSceneObjects\WorldComponent</Filter>
    </ClInclude>
  </ItemGroup>
  <ItemGroup>
    <ResourceCompile Include="game.rc">
      <Filter>resource</Filter>
    </ResourceCompile>
  </ItemGroup>
</Project>