<?xml version="1.0" encoding="utf-8"?>
<Project ToolsVersion="4.0" xmlns="http://schemas.microsoft.com/developer/msbuild/2003">
  <ItemGroup>
    <Filter Include="win32">
      <UniqueIdentifier>{84a8ebd7-7cf0-47f6-b75e-d441df67da40}</UniqueIdentifier>
    </Filter>
    <Filter Include="resource">
      <UniqueIdentifier>{715254bc-d70b-4ec5-bf29-467dd3ace079}</UniqueIdentifier>
    </Filter>
    <Filter Include="src">
      <UniqueIdentifier>{bb6c862e-70e9-49d9-81b7-3829a6f50471}</UniqueIdentifier>
    </Filter>
    <Filter Include="src\Scenes">
      <UniqueIdentifier>{5d11a43c-808d-410f-924a-4480b98ef04e}</UniqueIdentifier>
    </Filter>
    <Filter Include="src\Interface">
      <UniqueIdentifier>{b39023d7-fed9-4191-ac42-eff6d349dbcf}</UniqueIdentifier>
    </Filter>
  </ItemGroup>
  <ItemGroup>
    <ClCompile Include="main.cpp">
      <Filter>win32</Filter>
    </ClCompile>
    <ClCompile Include="..\Classes\AppDelegate.cpp">
      <Filter>src</Filter>
    </ClCompile>
    <ClCompile Include="..\Classes\MainMenu.cpp">
      <Filter>src\Scenes</Filter>
    </ClCompile>
    <ClCompile Include="..\Classes\StartScene.cpp">
      <Filter>src\Scenes</Filter>
    </ClCompile>
    <ClCompile Include="..\Classes\MainScene.cpp">
      <Filter>src\Scenes</Filter>
    </ClCompile>
    <ClCompile Include="..\Classes\GameInfo.cpp" />
    <ClCompile Include="..\Classes\Node.cpp" />
    <ClCompile Include="..\Classes\Unit.cpp" />
    <ClCompile Include="..\Classes\Player.cpp" />
    <ClCompile Include="..\Classes\Actor.cpp" />
    <ClCompile Include="..\Classes\StaticObject.cpp" />
    <ClCompile Include="..\Classes\TestScene.cpp" />
    <ClCompile Include="..\Classes\DynamicObject.cpp" />
    <ClCompile Include="..\Classes\AnimationSet.cpp" />
    <ClCompile Include="..\Classes\ContactListener.cpp" />
    <ClCompile Include="..\Classes\MapScene.cpp">
      <Filter>src\Scenes</Filter>
    </ClCompile>
    <ClCompile Include="..\Classes\Location.cpp">
      <Filter>src\Interface</Filter>
    </ClCompile>
    <ClCompile Include="..\Classes\GlobalPlayer.cpp" />
  </ItemGroup>
  <ItemGroup>
    <ClInclude Include="main.h">
      <Filter>win32</Filter>
    </ClInclude>
    <ClInclude Include="..\Classes\AppDelegate.h">
      <Filter>src</Filter>
    </ClInclude>
    <ClInclude Include="..\Classes\MainMenu.h">
      <Filter>src\Scenes</Filter>
    </ClInclude>
    <ClInclude Include="..\Classes\StartScene.h">
      <Filter>src\Scenes</Filter>
    </ClInclude>
    <ClInclude Include="..\Classes\MainScene.h">
      <Filter>src\Scenes</Filter>
    </ClInclude>
    <ClInclude Include="..\Classes\GameInfo.h" />
    <ClInclude Include="..\Classes\Unit.h" />
    <ClInclude Include="..\Classes\Player.h" />
    <ClInclude Include="..\Classes\Actor.h" />
    <ClInclude Include="..\Classes\StaticObject.h" />
    <ClInclude Include="..\Classes\TestScene.h" />
    <ClInclude Include="..\Classes\DynamicObject.h" />
    <ClInclude Include="..\Classes\AnimationSet.h" />
    <ClInclude Include="..\Classes\ContactListener.h" />
    <ClInclude Include="..\Classes\MapScene.h">
      <Filter>src\Scenes</Filter>
    </ClInclude>
    <ClInclude Include="..\Classes\Location.h">
      <Filter>src\Interface</Filter>
    </ClInclude>
    <ClInclude Include="..\Classes\GlobalPlayer.h" />
  </ItemGroup>
  <ItemGroup>
    <ResourceCompile Include="game.rc">
      <Filter>resource</Filter>
    </ResourceCompile>
  </ItemGroup>
</Project>